
Microsoft Visual Studio Solution File, Format Version 12.00
# Visual Studio Version 17
VisualStudioVersion = 17.5.002.0
MinimumVisualStudioVersion = 10.0.40219.1
Project("{9A19103F-16F7-4668-BE54-9A1E7A4F7556}") = "JogoDeAdvinhacao", "JogoDeAdvinhacao.csproj", "{228BABE3-E82C-498C-92B2-92FFCE612681}"
EndProject
Global
	GlobalSection(SolutionConfigurationPlatforms) = preSolution
		Debug|Any CPU = Debug|Any CPU
		Release|Any CPU = Release|Any CPU
	EndGlobalSection
	GlobalSection(ProjectConfigurationPlatforms) = postSolution
		{228BABE3-E82C-498C-92B2-92FFCE612681}.Debug|Any CPU.ActiveCfg = Debug|Any CPU
		{228BABE3-E82C-498C-92B2-92FFCE612681}.Debug|Any CPU.Build.0 = Debug|Any CPU
		{228BABE3-E82C-498C-92B2-92FFCE612681}.Release|Any CPU.ActiveCfg = Release|Any CPU
		{228BABE3-E82C-498C-92B2-92FFCE612681}.Release|Any CPU.Build.0 = Release|Any CPU
	EndGlobalSection
	GlobalSection(SolutionProperties) = preSolution
		HideSolutionNode = FALSE
	EndGlobalSection
	GlobalSection(ExtensibilityGlobals) = postSolution
		SolutionGuid = {FF3863FD-CA2F-4614-A1D1-27972B9A0CF5}
	EndGlobalSection
EndGlobal
