
Microsoft Visual Studio Solution File, Format Version 12.00
# Visual Studio Version 17
VisualStudioVersion = 17.5.002.0
MinimumVisualStudioVersion = 10.0.40219.1
Project("{9A19103F-16F7-4668-BE54-9A1E7A4F7556}") = "NumerosPares", "NumerosPares.csproj", "{D3AD8A7E-66F6-495F-88C8-2ED5E19C6040}"
EndProject
Global
	GlobalSection(SolutionConfigurationPlatforms) = preSolution
		Debug|Any CPU = Debug|Any CPU
		Release|Any CPU = Release|Any CPU
	EndGlobalSection
	GlobalSection(ProjectConfigurationPlatforms) = postSolution
		{D3AD8A7E-66F6-495F-88C8-2ED5E19C6040}.Debug|Any CPU.ActiveCfg = Debug|Any CPU
		{D3AD8A7E-66F6-495F-88C8-2ED5E19C6040}.Debug|Any CPU.Build.0 = Debug|Any CPU
		{D3AD8A7E-66F6-495F-88C8-2ED5E19C6040}.Release|Any CPU.ActiveCfg = Release|Any CPU
		{D3AD8A7E-66F6-495F-88C8-2ED5E19C6040}.Release|Any CPU.Build.0 = Release|Any CPU
	EndGlobalSection
	GlobalSection(SolutionProperties) = preSolution
		HideSolutionNode = FALSE
	EndGlobalSection
	GlobalSection(ExtensibilityGlobals) = postSolution
		SolutionGuid = {8D01D0C6-E31B-4BD9-B5BF-C5BC95374F80}
	EndGlobalSection
EndGlobal
