
Microsoft Visual Studio Solution File, Format Version 12.00
# Visual Studio Version 17
VisualStudioVersion = 17.5.002.0
MinimumVisualStudioVersion = 10.0.40219.1
Project("{9A19103F-16F7-4668-BE54-9A1E7A4F7556}") = "ScreenSound", "ScreenSound.csproj", "{F5C190D0-3998-4683-A103-7DD2E20BCFCE}"
EndProject
Global
	GlobalSection(SolutionConfigurationPlatforms) = preSolution
		Debug|Any CPU = Debug|Any CPU
		Release|Any CPU = Release|Any CPU
	EndGlobalSection
	GlobalSection(ProjectConfigurationPlatforms) = postSolution
		{F5C190D0-3998-4683-A103-7DD2E20BCFCE}.Debug|Any CPU.ActiveCfg = Debug|Any CPU
		{F5C190D0-3998-4683-A103-7DD2E20BCFCE}.Debug|Any CPU.Build.0 = Debug|Any CPU
		{F5C190D0-3998-4683-A103-7DD2E20BCFCE}.Release|Any CPU.ActiveCfg = Release|Any CPU
		{F5C190D0-3998-4683-A103-7DD2E20BCFCE}.Release|Any CPU.Build.0 = Release|Any CPU
	EndGlobalSection
	GlobalSection(SolutionProperties) = preSolution
		HideSolutionNode = FALSE
	EndGlobalSection
	GlobalSection(ExtensibilityGlobals) = postSolution
		SolutionGuid = {9F1B7668-902F-46C9-8830-410A95387FB4}
	EndGlobalSection
EndGlobal
